
Microsoft Visual Studio Solution File, Format Version 12.00
# Visual Studio 2013
VisualStudioVersion = 12.0.31101.0
MinimumVisualStudioVersion = 10.0.40219.1
Project("{8BC9CEB8-8B4A-11D0-8D11-00A0C91BC942}") = "Core", "Core\Core.vcxproj", "{98B6D35A-C436-4C4E-8B04-1790E62E2C09}"
EndProject
Project("{8BC9CEB8-8B4A-11D0-8D11-00A0C91BC942}") = "UnitTestCore", "UnitTestCore\UnitTestCore.vcxproj", "{85EE8917-CC2A-4519-BBBB-2D8837F712C5}"
	ProjectSection(ProjectDependencies) = postProject
		{98B6D35A-C436-4C4E-8B04-1790E62E2C09} = {98B6D35A-C436-4C4E-8B04-1790E62E2C09}
	EndProjectSection
EndProject
Project("{8BC9CEB8-8B4A-11D0-8D11-00A0C91BC942}") = "CUI", "CUI\CUI.vcxproj", "{B080F00A-B456-4628-8533-2434F835345F}"
	ProjectSection(ProjectDependencies) = postProject
		{98B6D35A-C436-4C4E-8B04-1790E62E2C09} = {98B6D35A-C436-4C4E-8B04-1790E62E2C09}
	EndProjectSection
EndProject
Global
	GlobalSection(SolutionConfigurationPlatforms) = preSolution
		Debug|x64 = Debug|x64
		Debug|x86 = Debug|x86
		Release|x64 = Release|x64
		Release|x86 = Release|x86
	EndGlobalSection
	GlobalSection(ProjectConfigurationPlatforms) = postSolution
		{98B6D35A-C436-4C4E-8B04-1790E62E2C09}.Debug|x64.ActiveCfg = Debug|x64
		{98B6D35A-C436-4C4E-8B04-1790E62E2C09}.Debug|x64.Build.0 = Debug|x64
		{98B6D35A-C436-4C4E-8B04-1790E62E2C09}.Debug|x86.ActiveCfg = Debug|Win32
		{98B6D35A-C436-4C4E-8B04-1790E62E2C09}.Debug|x86.Build.0 = Debug|Win32
		{98B6D35A-C436-4C4E-8B04-1790E62E2C09}.Release|x64.ActiveCfg = Release|x64
		{98B6D35A-C436-4C4E-8B04-1790E62E2C09}.Release|x64.Build.0 = Release|x64
		{98B6D35A-C436-4C4E-8B04-1790E62E2C09}.Release|x86.ActiveCfg = Release|Win32
		{98B6D35A-C436-4C4E-8B04-1790E62E2C09}.Release|x86.Build.0 = Release|Win32
		{85EE8917-CC2A-4519-BBBB-2D8837F712C5}.Debug|x64.ActiveCfg = Debug|x64
		{85EE8917-CC2A-4519-BBBB-2D8837F712C5}.Debug|x64.Build.0 = Debug|x64
		{85EE8917-CC2A-4519-BBBB-2D8837F712C5}.Debug|x86.ActiveCfg = Debug|Win32
		{85EE8917-CC2A-4519-BBBB-2D8837F712C5}.Debug|x86.Build.0 = Debug|Win32
		{85EE8917-CC2A-4519-BBBB-2D8837F712C5}.Release|x64.ActiveCfg = Release|x64
		{85EE8917-CC2A-4519-BBBB-2D8837F712C5}.Release|x64.Build.0 = Release|x64
		{85EE8917-CC2A-4519-BBBB-2D8837F712C5}.Release|x86.ActiveCfg = Release|Win32
		{85EE8917-CC2A-4519-BBBB-2D8837F712C5}.Release|x86.Build.0 = Release|Win32
		{B080F00A-B456-4628-8533-2434F835345F}.Debug|x64.ActiveCfg = Debug|x64
		{B080F00A-B456-4628-8533-2434F835345F}.Debug|x64.Build.0 = Debug|x64
		{B080F00A-B456-4628-8533-2434F835345F}.Debug|x86.ActiveCfg = Debug|Win32
		{B080F00A-B456-4628-8533-2434F835345F}.Debug|x86.Build.0 = Debug|Win32
		{B080F00A-B456-4628-8533-2434F835345F}.Release|x64.ActiveCfg = Release|x64
		{B080F00A-B456-4628-8533-2434F835345F}.Release|x64.Build.0 = Release|x64
		{B080F00A-B456-4628-8533-2434F835345F}.Release|x86.ActiveCfg = Release|Win32
		{B080F00A-B456-4628-8533-2434F835345F}.Release|x86.Build.0 = Release|Win32
	EndGlobalSection
	GlobalSection(SolutionProperties) = preSolution
		HideSolutionNode = FALSE
	EndGlobalSection
EndGlobal
